// !$*UTF8*$!
{
	archiveVersion = 1;
	classes = {
	};
	objectVersion = 46;
	objects = {
		5E618435888B9D49F8540165 = {
			buildActionMask = 2147483647;
			files = (
				);
			isa = PBXShellScriptBuildPhase;
			runOnlyForDeploymentPostprocessing = 0;
			name = "Qt Qmake";
			shellPath = "/bin/sh";
			shellScript = "make -C /Users/jonathan/OriginMonitor -f CelestronOriginMonitor.xcodeproj/qt_makeqmake.mak";
			showEnvVarsInLog = "0";
		};
		D0D9E5DB1234ACDE50D6E692 = {
			isa = PBXFileReference;
			path = "/Users/jonathan/OriginMonitor/main.cpp";
			name = "main.cpp";
			sourceTree = "<absolute>";
			lastKnownFileType = "sourcecode.cpp.cpp";
		};
		1165A193E90A0EAC8EB7CA7F = {
			fileRef = "D0D9E5DB1234ACDE50D6E692";
			isa = PBXBuildFile;
			settings = {
				ATTRIBUTES = (
					);
			};
		};
		937901ECD3CABA204E7A7FCC = {
			isa = PBXFileReference;
			path = "/Users/jonathan/OriginMonitor/CoordinateUtils.cpp";
			name = "CoordinateUtils.cpp";
			sourceTree = "<absolute>";
			lastKnownFileType = "sourcecode.cpp.cpp";
		};
		4A247C79A91097E57BDEF6B7 = {
			fileRef = "937901ECD3CABA204E7A7FCC";
			isa = PBXBuildFile;
			settings = {
				ATTRIBUTES = (
					);
			};
		};
		99EC490FCEDE74CBE17A744A = {
			isa = PBXFileReference;
			path = "/Users/jonathan/OriginMonitor/TelescopeDataProcessor.cpp";
			name = "TelescopeDataProcessor.cpp";
			sourceTree = "<absolute>";
			lastKnownFileType = "sourcecode.cpp.cpp";
		};
		C9229A2804E82E53AE87E1CD = {
			fileRef = "99EC490FCEDE74CBE17A744A";
			isa = PBXBuildFile;
			settings = {
				ATTRIBUTES = (
					);
			};
		};
		1AAB1C2001DFCED0D39230BD = {
			isa = PBXFileReference;
			path = "/Users/jonathan/OriginMonitor/TelescopeGUI.cpp";
			name = "TelescopeGUI.cpp";
			sourceTree = "<absolute>";
			lastKnownFileType = "sourcecode.cpp.cpp";
		};
		1D9C5357D7F920E11903B686 = {
			fileRef = "1AAB1C2001DFCED0D39230BD";
			isa = PBXBuildFile;
			settings = {
				ATTRIBUTES = (
					);
			};
		};
		CE4D4DC88478CE7E1DF4FD8B = {
			isa = PBXFileReference;
			path = "/Users/jonathan/OriginMonitor/OriginBackend.cpp";
			name = "OriginBackend.cpp";
			sourceTree = "<absolute>";
			lastKnownFileType = "sourcecode.cpp.cpp";
		};
		0AEAED0949E0473E61749D33 = {
			fileRef = "CE4D4DC88478CE7E1DF4FD8B";
			isa = PBXBuildFile;
			settings = {
				ATTRIBUTES = (
					);
			};
		};
		CED7A173C91079CE2CEF2B9F = {
			isa = PBXFileReference;
			path = "/Users/jonathan/OriginMonitor/LogReplayDialog.cpp";
			name = "LogReplayDialog.cpp";
			sourceTree = "<absolute>";
			lastKnownFileType = "sourcecode.cpp.cpp";
		};
		E920E995202F47CBDE28A821 = {
			fileRef = "CED7A173C91079CE2CEF2B9F";
			isa = PBXBuildFile;
			settings = {
				ATTRIBUTES = (
					);
			};
		};
		49A6EAC8502D0EA7E134FFBA = {
			isa = PBXFileReference;
			path = "/Users/jonathan/OriginMonitor/CommandInterface.cpp";
			name = "CommandInterface.cpp";
			sourceTree = "<absolute>";
			lastKnownFileType = "sourcecode.cpp.cpp";
		};
		F6AFB04FAA5880567B97E54B = {
			fileRef = "49A6EAC8502D0EA7E134FFBA";
			isa = PBXBuildFile;
			settings = {
				ATTRIBUTES = (
					);
			};
		};
		2072E5342DD196A93E6EEBCD = {
			isa = PBXFileReference;
			path = "/Users/jonathan/OriginMonitor/ImageAnalyzer.cpp";
			name = "ImageAnalyzer.cpp";
			sourceTree = "<absolute>";
			lastKnownFileType = "sourcecode.cpp.cpp";
		};
		BFC38A7B9F52CC862D36F4B1 = {
			fileRef = "2072E5342DD196A93E6EEBCD";
			isa = PBXBuildFile;
			settings = {
				ATTRIBUTES = (
					);
			};
		};
		863FBB65A72DC716D7BF6612 = {
			isa = PBXFileReference;
			path = "/Users/jonathan/OriginMonitor/AutopilotController.cpp";
			name = "AutopilotController.cpp";
			sourceTree = "<absolute>";
			lastKnownFileType = "sourcecode.cpp.cpp";
		};
		84ED9096AE3A0CDBA69C2CB0 = {
			fileRef = "863FBB65A72DC716D7BF6612";
			isa = PBXBuildFile;
			settings = {
				ATTRIBUTES = (
					);
			};
		};
		DF07949A875111F69086E213 = {
			isa = PBXFileReference;
			path = "/Users/jonathan/OriginMonitor/AutopilotTab.cpp";
			name = "AutopilotTab.cpp";
			sourceTree = "<absolute>";
			lastKnownFileType = "sourcecode.cpp.cpp";
		};
		D18377A451821DCA911F4699 = {
			fileRef = "DF07949A875111F69086E213";
			isa = PBXBuildFile;
			settings = {
				ATTRIBUTES = (
					);
			};
		};
		01EC24EC8D0DF22C0A1A60D6 = {
			isa = PBXFileReference;
			path = "/Users/jonathan/OriginMonitor/JsonMonitorTab.cpp";
			name = "JsonMonitorTab.cpp";
			sourceTree = "<absolute>";
			lastKnownFileType = "sourcecode.cpp.cpp";
		};
		08E71AF0136249356F39F5EC = {
			fileRef = "01EC24EC8D0DF22C0A1A60D6";
			isa = PBXBuildFile;
			settings = {
				ATTRIBUTES = (
					);
			};
		};
		53E86DC12FDD0538BF429FBC = {
			isa = PBXFileReference;
			path = "/Users/jonathan/OriginMonitor/build/moc/moc_TelescopeDataProcessor.cpp";
			name = "moc_TelescopeDataProcessor.cpp";
			sourceTree = "<absolute>";
			lastKnownFileType = "sourcecode.cpp.cpp";
		};
		6E3F264E3CC006F6F90C5B2B = {
			fileRef = "53E86DC12FDD0538BF429FBC";
			isa = PBXBuildFile;
			settings = {
				ATTRIBUTES = (
					);
			};
		};
		608A9CA5FE47F12E1F418EB6 = {
			isa = PBXFileReference;
			path = "/Users/jonathan/OriginMonitor/build/moc/moc_TelescopeGUI.cpp";
			name = "moc_TelescopeGUI.cpp";
			sourceTree = "<absolute>";
			lastKnownFileType = "sourcecode.cpp.cpp";
		};
		9352F1449D6822A7CF109107 = {
			fileRef = "608A9CA5FE47F12E1F418EB6";
			isa = PBXBuildFile;
			settings = {
				ATTRIBUTES = (
					);
			};
		};
		151E271A992F683D870E20F5 = {
			isa = PBXFileReference;
			path = "/Users/jonathan/OriginMonitor/build/moc/moc_OriginBackend.cpp";
			name = "moc_OriginBackend.cpp";
			sourceTree = "<absolute>";
			lastKnownFileType = "sourcecode.cpp.cpp";
		};
		0821A1E436DB45C7AF2ED093 = {
			fileRef = "151E271A992F683D870E20F5";
			isa = PBXBuildFile;
			settings = {
				ATTRIBUTES = (
					);
			};
		};
		6F9AB70726C4CC69ABA15D8A = {
			isa = PBXFileReference;
			path = "/Users/jonathan/OriginMonitor/build/moc/moc_LogReplayDialog.cpp";
			name = "moc_LogReplayDialog.cpp";
			sourceTree = "<absolute>";
			lastKnownFileType = "sourcecode.cpp.cpp";
		};
		BB9D3F4C8918ACD7BA730970 = {
			fileRef = "6F9AB70726C4CC69ABA15D8A";
			isa = PBXBuildFile;
			settings = {
				ATTRIBUTES = (
					);
			};
		};
		1DF5D4EE001E4955A537115F = {
			isa = PBXFileReference;
			path = "/Users/jonathan/OriginMonitor/build/moc/moc_CommandInterface.cpp";
			name = "moc_CommandInterface.cpp";
			sourceTree = "<absolute>";
			lastKnownFileType = "sourcecode.cpp.cpp";
		};
		88519BC274A018FBAEC4AC8B = {
			fileRef = "1DF5D4EE001E4955A537115F";
			isa = PBXBuildFile;
			settings = {
				ATTRIBUTES = (
					);
			};
		};
		F50699BDE32D57FDB40EB630 = {
			isa = PBXFileReference;
			path = "/Users/jonathan/OriginMonitor/build/moc/moc_ImageAnalyzer.cpp";
			name = "moc_ImageAnalyzer.cpp";
			sourceTree = "<absolute>";
			lastKnownFileType = "sourcecode.cpp.cpp";
		};
		70DC40651F1E13FA42563688 = {
			fileRef = "F50699BDE32D57FDB40EB630";
			isa = PBXBuildFile;
			settings = {
				ATTRIBUTES = (
					);
			};
		};
		D504CFCB7F1B65A9C2FF91CC = {
			isa = PBXFileReference;
			path = "/Users/jonathan/OriginMonitor/build/moc/moc_AutopilotController.cpp";
			name = "moc_AutopilotController.cpp";
			sourceTree = "<absolute>";
			lastKnownFileType = "sourcecode.cpp.cpp";
		};
		658216589889B05978470AB3 = {
			fileRef = "D504CFCB7F1B65A9C2FF91CC";
			isa = PBXBuildFile;
			settings = {
				ATTRIBUTES = (
					);
			};
		};
		909CCC2D3822378478617909 = {
			isa = PBXFileReference;
			path = "/Users/jonathan/OriginMonitor/build/moc/moc_AutopilotTab.cpp";
			name = "moc_AutopilotTab.cpp";
			sourceTree = "<absolute>";
			lastKnownFileType = "sourcecode.cpp.cpp";
		};
		73A778A1AEB215AAA3BCB5E6 = {
			fileRef = "909CCC2D3822378478617909";
			isa = PBXBuildFile;
			settings = {
				ATTRIBUTES = (
					);
			};
		};
		DD3FB0FB5593F311646AA1EE = {
			isa = PBXFileReference;
			path = "/Users/jonathan/OriginMonitor/build/moc/moc_JsonMonitorTab.cpp";
			name = "moc_JsonMonitorTab.cpp";
			sourceTree = "<absolute>";
			lastKnownFileType = "sourcecode.cpp.cpp";
		};
		45F683B49196694836CCC7A2 = {
			fileRef = "DD3FB0FB5593F311646AA1EE";
			isa = PBXBuildFile;
			settings = {
				ATTRIBUTES = (
					);
			};
		};
		CBF1B577B1F6BAF72E52BB49 = {
			isa = PBXFileReference;
			path = "/Users/jonathan/OriginMonitor/CoordinateUtils.hpp";
			name = "CoordinateUtils.hpp";
			sourceTree = "<absolute>";
			lastKnownFileType = "sourcecode.c.h";
		};
		B66532A4F0C79E2541D15A2D = {
			isa = PBXFileReference;
			path = "/Users/jonathan/OriginMonitor/MessierCatalog.hpp";
			name = "MessierCatalog.hpp";
			sourceTree = "<absolute>";
			lastKnownFileType = "sourcecode.c.h";
		};
		9E8A7A19ED1FF7D5B6F89B9C = {
			isa = PBXFileReference;
			path = "/Users/jonathan/OriginMonitor/TelescopeData.hpp";
			name = "TelescopeData.hpp";
			sourceTree = "<absolute>";
			lastKnownFileType = "sourcecode.c.h";
		};
		72CD5FAECFC6C1C5E48D69B2 = {
			isa = PBXFileReference;
			path = "/Users/jonathan/OriginMonitor/TelescopeDataProcessor.hpp";
			name = "TelescopeDataProcessor.hpp";
			sourceTree = "<absolute>";
			lastKnownFileType = "sourcecode.c.h";
		};
		E523E597F7572C8401E120BD = {
			isa = PBXFileReference;
			path = "/Users/jonathan/OriginMonitor/TelescopeGUI.hpp";
			name = "TelescopeGUI.hpp";
			sourceTree = "<absolute>";
			lastKnownFileType = "sourcecode.c.h";
		};
		F8AB0E36DC5A61EEA2A0F7CB = {
			isa = PBXFileReference;
			path = "/Users/jonathan/OriginMonitor/OriginBackend.hpp";
			name = "OriginBackend.hpp";
			sourceTree = "<absolute>";
			lastKnownFileType = "sourcecode.c.h";
		};
		ACAE00B5DCB938E765995E35 = {
			isa = PBXFileReference;
			path = "/Users/jonathan/OriginMonitor/LogReplayDialog.hpp";
			name = "LogReplayDialog.hpp";
			sourceTree = "<absolute>";
			lastKnownFileType = "sourcecode.c.h";
		};
		6A15892B2101068DCFC2CC6C = {
			isa = PBXFileReference;
			path = "/Users/jonathan/OriginMonitor/CommandInterface.hpp";
			name = "CommandInterface.hpp";
			sourceTree = "<absolute>";
			lastKnownFileType = "sourcecode.c.h";
		};
		B1B02AF754193B176663B758 = {
			isa = PBXFileReference;
			path = "/Users/jonathan/OriginMonitor/ImageAnalyzer.hpp";
			name = "ImageAnalyzer.hpp";
			sourceTree = "<absolute>";
			lastKnownFileType = "sourcecode.c.h";
		};
		7031E7AF9BD97D0668301D68 = {
			isa = PBXFileReference;
			path = "/Users/jonathan/OriginMonitor/AutopilotController.hpp";
			name = "AutopilotController.hpp";
			sourceTree = "<absolute>";
			lastKnownFileType = "sourcecode.c.h";
		};
		29654546E710CA96652AF1C4 = {
			isa = PBXFileReference;
			path = "/Users/jonathan/OriginMonitor/AutopilotTab.hpp";
			name = "AutopilotTab.hpp";
			sourceTree = "<absolute>";
			lastKnownFileType = "sourcecode.c.h";
		};
		747C0C7E638ED5CAFC80DB39 = {
			isa = PBXFileReference;
			path = "/Users/jonathan/OriginMonitor/JsonMonitorTab.hpp";
			name = "JsonMonitorTab.hpp";
			sourceTree = "<absolute>";
			lastKnownFileType = "sourcecode.c.h";
		};
		7978D7628E5F83F6326D07A0 = {
			isa = PBXFileReference;
			path = "/opt/homebrew/Cellar/qt@5/5.15.18/mkspecs/features/data/dummy.cpp";
			name = "dummy.cpp";
			sourceTree = "<absolute>";
			lastKnownFileType = "sourcecode.cpp.cpp";
		};
		E040C8C76A2DD36A4E78B1BF = {
			fileRef = "7978D7628E5F83F6326D07A0";
			isa = PBXBuildFile;
			settings = {
				ATTRIBUTES = (
					);
			};
		};
		3381C1AA85FE6C33A62B3BD1 = {
			isa = PBXFileReference;
			path = "/Users/jonathan/OriginMonitor/CelestronOriginMonitor.pro";
			name = "CelestronOriginMonitor.pro";
			sourceTree = "<absolute>";
			lastKnownFileType = "text";
		};
		189E0E1F9B36008FBAEE71F1 = {
			isa = PBXFileReference;
			path = "/Users/jonathan/OriginMonitor/.qmake.stash";
			name = ".qmake.stash";
			sourceTree = "<absolute>";
		};
		25B08E2869634E9BCBA333A2 = {
			isa = PBXGroup;
			children = (
				"C5C31264768DCC05446CDDCF");
			name = "Generated Sources";
			sourceTree = "<group>";
		};
		C5C31264768DCC05446CDDCF = {
			isa = PBXGroup;
			children = (
				"7BED9CF353461AB751D52FE0");
			name = "build";
			sourceTree = "<group>";
		};
		7BED9CF353461AB751D52FE0 = {
			isa = PBXGroup;
			children = (
				"53E86DC12FDD0538BF429FBC",
				"608A9CA5FE47F12E1F418EB6",
				"151E271A992F683D870E20F5",
				"6F9AB70726C4CC69ABA15D8A",
				"1DF5D4EE001E4955A537115F",
				"F50699BDE32D57FDB40EB630",
				"D504CFCB7F1B65A9C2FF91CC",
				"909CCC2D3822378478617909",
				"DD3FB0FB5593F311646AA1EE");
			name = "moc";
			sourceTree = "<group>";
		};
		2EB56BE3C2D93CDAB0C52E67 = {
			isa = PBXGroup;
			children = (
				"D0D9E5DB1234ACDE50D6E692",
				"937901ECD3CABA204E7A7FCC",
				"99EC490FCEDE74CBE17A744A",
				"1AAB1C2001DFCED0D39230BD",
				"CE4D4DC88478CE7E1DF4FD8B",
				"CED7A173C91079CE2CEF2B9F",
				"49A6EAC8502D0EA7E134FFBA",
				"2072E5342DD196A93E6EEBCD",
				"863FBB65A72DC716D7BF6612",
				"DF07949A875111F69086E213",
				"01EC24EC8D0DF22C0A1A60D6",
				"CBF1B577B1F6BAF72E52BB49",
				"B66532A4F0C79E2541D15A2D",
				"9E8A7A19ED1FF7D5B6F89B9C",
				"72CD5FAECFC6C1C5E48D69B2",
				"E523E597F7572C8401E120BD",
				"F8AB0E36DC5A61EEA2A0F7CB",
				"ACAE00B5DCB938E765995E35",
				"6A15892B2101068DCFC2CC6C",
				"B1B02AF754193B176663B758",
				"7031E7AF9BD97D0668301D68",
				"29654546E710CA96652AF1C4",
				"747C0C7E638ED5CAFC80DB39");
			name = "Sources";
			sourceTree = "<group>";
		};
		B8254625CFD509ED2A24A166 = {
			isa = PBXGroup;
			children = (
				"7978D7628E5F83F6326D07A0");
			name = "Sources [moc_predefs]";
			sourceTree = "<group>";
		};
		74B182DB50CB5611B5C1C297 = {
			isa = PBXGroup;
			children = (
				"3381C1AA85FE6C33A62B3BD1",
				"189E0E1F9B36008FBAEE71F1");
			name = "Supporting Files";
			sourceTree = "<group>";
		};
		7EF0942E79C014DCEC8976BC = {
			buildActionMask = 2147483647;
			files = (
				);
			isa = PBXShellScriptBuildPhase;
			runOnlyForDeploymentPostprocessing = 0;
			name = "Qt Preprocessors";
			inputPaths = (
				"/opt/homebrew/Cellar/qt@5/5.15.18/mkspecs/features/data/dummy.cpp",
				"TelescopeDataProcessor.hpp",
				"TelescopeGUI.hpp",
				"OriginBackend.hpp",
				"LogReplayDialog.hpp",
				"CommandInterface.hpp",
				"ImageAnalyzer.hpp",
				"AutopilotController.hpp",
				"AutopilotTab.hpp",
				"JsonMonitorTab.hpp");
			outputPaths = (
				"build/moc/moc_predefs.h",
				"build/moc/moc_TelescopeDataProcessor.cpp",
				"build/moc/moc_TelescopeGUI.cpp",
				"build/moc/moc_OriginBackend.cpp",
				"build/moc/moc_LogReplayDialog.cpp",
				"build/moc/moc_CommandInterface.cpp",
				"build/moc/moc_ImageAnalyzer.cpp",
				"build/moc/moc_AutopilotController.cpp",
				"build/moc/moc_AutopilotTab.cpp",
				"build/moc/moc_JsonMonitorTab.cpp");
			shellPath = "/bin/sh";
			shellScript = "make -C /Users/jonathan/OriginMonitor -f CelestronOriginMonitor.xcodeproj/qt_preprocess.mak";
			showEnvVarsInLog = "0";
			alwaysOutOfDate = "1";
		};
		F7E50F631C51CD5B5DC0BC43 = {
			buildActionMask = 2147483647;
			files = (
				"1165A193E90A0EAC8EB7CA7F",
				"4A247C79A91097E57BDEF6B7",
				"C9229A2804E82E53AE87E1CD",
				"1D9C5357D7F920E11903B686",
				"0AEAED0949E0473E61749D33",
				"E920E995202F47CBDE28A821",
				"F6AFB04FAA5880567B97E54B",
				"BFC38A7B9F52CC862D36F4B1",
				"84ED9096AE3A0CDBA69C2CB0",
				"D18377A451821DCA911F4699",
				"08E71AF0136249356F39F5EC",
				"6E3F264E3CC006F6F90C5B2B",
				"9352F1449D6822A7CF109107",
				"0821A1E436DB45C7AF2ED093",
				"BB9D3F4C8918ACD7BA730970",
				"88519BC274A018FBAEC4AC8B",
				"70DC40651F1E13FA42563688",
				"658216589889B05978470AB3",
				"73A778A1AEB215AAA3BCB5E6",
				"45F683B49196694836CCC7A2",
				"E040C8C76A2DD36A4E78B1BF");
			isa = PBXSourcesBuildPhase;
			runOnlyForDeploymentPostprocessing = 0;
			name = "Compile Sources";
		};
		D41E570C995BBE852FF2F8FF = {
			isa = PBXFileReference;
			name = "QtWidgets.framework";
			path = "/opt/homebrew/Cellar/qt@5/5.15.18/lib/QtWidgets.framework";
			refType = 0;
			sourceTree = "<absolute>";
			lastKnownFileType = "wrapper.framework";
		};
		91BB4C00780CC04F6F86B7E6 = {
			fileRef = "D41E570C995BBE852FF2F8FF";
			isa = PBXBuildFile;
			settings = {
			};
		};
		57D4612FF3E34BAF26ED1884 = {
			isa = PBXFileReference;
			name = "QtGui.framework";
			path = "/opt/homebrew/Cellar/qt@5/5.15.18/lib/QtGui.framework";
			refType = 0;
			sourceTree = "<absolute>";
			lastKnownFileType = "wrapper.framework";
		};
		9FBDF0F594AC5069C9745630 = {
			fileRef = "57D4612FF3E34BAF26ED1884";
			isa = PBXBuildFile;
			settings = {
			};
		};
		723F90793B2C195E2CCB2233 = {
			isa = PBXFileReference;
			name = "AppKit.framework";
			path = "/System/Library/Frameworks/AppKit.framework";
			refType = 0;
			sourceTree = "<absolute>";
			lastKnownFileType = "wrapper.framework";
		};
		F2A75ACAC9DF6A3F4E5711E7 = {
			fileRef = "723F90793B2C195E2CCB2233";
			isa = PBXBuildFile;
			settings = {
			};
		};
		1B2543FCC48E9436F21C4F63 = {
			isa = PBXFileReference;
			name = "Metal.framework";
			path = "/System/Library/Frameworks/Metal.framework";
			refType = 0;
			sourceTree = "<absolute>";
			lastKnownFileType = "wrapper.framework";
		};
		B3FE8FAC746D3D5BB24FA398 = {
			fileRef = "1B2543FCC48E9436F21C4F63";
			isa = PBXBuildFile;
			settings = {
			};
		};
		ED3278DA38DCBB6C552DF451 = {
			isa = PBXFileReference;
			name = "QtWebSockets.framework";
			path = "/opt/homebrew/Cellar/qt@5/5.15.18/lib/QtWebSockets.framework";
			refType = 0;
			sourceTree = "<absolute>";
			lastKnownFileType = "wrapper.framework";
		};
		ECB9E41723AB8A3A146C2B3E = {
			fileRef = "ED3278DA38DCBB6C552DF451";
			isa = PBXBuildFile;
			settings = {
			};
		};
		32A54930A90320C2AA4A4A87 = {
			isa = PBXFileReference;
			name = "QtNetwork.framework";
			path = "/opt/homebrew/Cellar/qt@5/5.15.18/lib/QtNetwork.framework";
			refType = 0;
			sourceTree = "<absolute>";
			lastKnownFileType = "wrapper.framework";
		};
		E4D25F59B9DF41B4BB722D9A = {
			fileRef = "32A54930A90320C2AA4A4A87";
			isa = PBXBuildFile;
			settings = {
			};
		};
		3C07501AD4CF793EA09EE90F = {
			isa = PBXFileReference;
			name = "QtCore.framework";
			path = "/opt/homebrew/Cellar/qt@5/5.15.18/lib/QtCore.framework";
			refType = 0;
			sourceTree = "<absolute>";
			lastKnownFileType = "wrapper.framework";
		};
		28BA41A254ECE85DD5625881 = {
			fileRef = "3C07501AD4CF793EA09EE90F";
			isa = PBXBuildFile;
			settings = {
			};
		};
		2B774D8E4178765CE52EAAF5 = {
			isa = PBXFileReference;
			name = "DiskArbitration.framework";
			path = "/System/Library/Frameworks/DiskArbitration.framework";
			refType = 0;
			sourceTree = "<absolute>";
			lastKnownFileType = "wrapper.framework";
		};
		A99B2AA0F9CBBDD12BA126A4 = {
			fileRef = "2B774D8E4178765CE52EAAF5";
			isa = PBXBuildFile;
			settings = {
			};
		};
		A1A67BEAA744704B29168D39 = {
			isa = PBXFileReference;
			name = "IOKit.framework";
			path = "/System/Library/Frameworks/IOKit.framework";
			refType = 0;
			sourceTree = "<absolute>";
			lastKnownFileType = "wrapper.framework";
		};
		8D267F2E4776F0ECA2F49DC8 = {
			fileRef = "A1A67BEAA744704B29168D39";
			isa = PBXBuildFile;
			settings = {
			};
		};
		D4B32C2222F82AC56BADEB21 = {
			isa = PBXFileReference;
			name = "OpenGL.framework";
			path = "/System/Library/Frameworks/OpenGL.framework";
			refType = 0;
			sourceTree = "<absolute>";
			lastKnownFileType = "wrapper.framework";
		};
		8771A8C96E9C391044035D99 = {
			fileRef = "D4B32C2222F82AC56BADEB21";
			isa = PBXBuildFile;
			settings = {
			};
		};
		AF39DD055C3EF8226FBE929D = {
			children = (
				"D41E570C995BBE852FF2F8FF",
				"57D4612FF3E34BAF26ED1884",
				"723F90793B2C195E2CCB2233",
				"1B2543FCC48E9436F21C4F63",
				"ED3278DA38DCBB6C552DF451",
				"32A54930A90320C2AA4A4A87",
				"3C07501AD4CF793EA09EE90F",
				"2B774D8E4178765CE52EAAF5",
				"A1A67BEAA744704B29168D39",
				"D4B32C2222F82AC56BADEB21");
			isa = PBXGroup;
			name = "Frameworks";
			sourceTree = "<group>";
		};
		D1C883685E82D5676953459A = {
			buildActionMask = 2147483647;
			files = (
				"91BB4C00780CC04F6F86B7E6",
				"9FBDF0F594AC5069C9745630",
				"F2A75ACAC9DF6A3F4E5711E7",
				"B3FE8FAC746D3D5BB24FA398",
				"ECB9E41723AB8A3A146C2B3E",
				"E4D25F59B9DF41B4BB722D9A",
				"28BA41A254ECE85DD5625881",
				"A99B2AA0F9CBBDD12BA126A4",
				"8D267F2E4776F0ECA2F49DC8",
				"8771A8C96E9C391044035D99");
			isa = PBXFrameworksBuildPhase;
			runOnlyForDeploymentPostprocessing = 0;
			name = "Link Binary With Libraries";
		};
		9C316F444A62BF296E3E1F25 = {
			isa = PBXShellScriptBuildPhase;
			name = "Project Copy";
			buildActionMask = 2147483647;
			files = (
				);
			inputPaths = (
				);
			outputPaths = (
				);
			runOnlyForDeploymentPostprocessing = 0;
			shellPath = "/bin/sh";
			shellScript = "cp -r $BUILT_PRODUCTS_DIR/$FULL_PRODUCT_NAME /Users/jonathan/OriginMonitor/build";
			showEnvVarsInLog = "0";
		};
		30414803F31797EB689AE508 = {
			buildActionMask = 2147483647;
			files = (
				);
			isa = PBXResourcesBuildPhase;
			runOnlyForDeploymentPostprocessing = 0;
			name = "Copy Bundle Resources";
		};
		99542592E9780B9225F24AA8 = {
			isa = PBXCopyFilesBuildPhase;
			buildActionMask = 2147483647;
			dstPath = "";
			dstSubfolderSpec = 10;
			files = (
				);
			name = "Embed Frameworks";
			runOnlyForDeploymentPostprocessing = 0;
		};
		714DE62F489E7B5EB62BD7E0 = {
			isa = PBXFileReference;
			includeInIndex = 0;
			explicitFileType = "wrapper.application";
			path = "CelestronOriginMonitor.app";
			sourceTree = BUILT_PRODUCTS_DIR;
		};
		FE0A091FDBFB3E9C31B7A1BD = {
			children = (
				"714DE62F489E7B5EB62BD7E0");
			isa = PBXGroup;
			name = "Products";
			sourceTree = "<group>";
		};
		E8C543AB96796ECAA2E65C57 = {
			children = (
				"2EB56BE3C2D93CDAB0C52E67",
				"25B08E2869634E9BCBA333A2",
				"B8254625CFD509ED2A24A166",
				"74B182DB50CB5611B5C1C297",
				"AF39DD055C3EF8226FBE929D",
				"FE0A091FDBFB3E9C31B7A1BD");
			isa = PBXGroup;
			name = "CelestronOriginMonitor";
			sourceTree = "<group>";
		};
		60D2B72C51FE5ED604D254CB = {
			buildPhases = (
				"5E618435888B9D49F8540165",
				"7EF0942E79C014DCEC8976BC");
			dependencies = (
				);
			buildConfigurationList = 6CC3B5D2136C7CD6A5CF5A59;
			isa = PBXAggregateTarget;
			buildRules = (
);
			productName = "Qt Preprocess";
			name = "Qt Preprocess";
		};
		B3F1C1C7A6DDD6345FF35A2E = {
			isa = PBXTargetDependency;
			target = "60D2B72C51FE5ED604D254CB";
		};
		5B0675F20537B313CA276AE6 = {
			buildPhases = (
				"F7E50F631C51CD5B5DC0BC43",
				"D1C883685E82D5676953459A",
				"9C316F444A62BF296E3E1F25",
				"30414803F31797EB689AE508",
				"99542592E9780B9225F24AA8");
			dependencies = (
				"B3F1C1C7A6DDD6345FF35A2E");
			productReference = "714DE62F489E7B5EB62BD7E0";
			buildConfigurationList = 6CC3B5D2136C7CD6A5CF5A59;
			isa = PBXNativeTarget;
			buildRules = (
);
			productType = "com.apple.product-type.application";
			name = "CelestronOriginMonitor";
			productName = "CelestronOriginMonitor";
			productInstallPath = "build/";
		};
		3AA6C32AC930069E80220CF1 = {
			isa = XCBuildConfiguration;
			buildSettings = {
				APPLICATION_EXTENSION_API_ONLY = "NO";
				"ARCHS[sdk=macosx*]" = "arm64";
				COPY_PHASE_STRIP = "NO";
				DEVELOPMENT_TEAM = "Y53675G8V9";
				ENABLE_BITCODE = "NO";
				GCC_OPTIMIZATION_LEVEL = "0";
				ONLY_ACTIVE_ARCH = "YES";
				PRODUCT_BUNDLE_IDENTIFIER = "com.yourdomain.CelestronOriginMonitor";
				PRODUCT_NAME = "CelestronOriginMonitor";
				QMAKE_FULL_VERSION = "1.0.0";
				QMAKE_PKGINFO_TYPEINFO = "????";
				QMAKE_SHORT_VERSION = "1.0";
				QT_LIBRARY_SUFFIX = "";
				SDKROOT = "macosx";
				GCC_VERSION = com.apple.compilers.llvm.clang.1_0;
				CC = "/Applications/Xcode.app/Contents/Developer/Toolchains/XcodeDefault.xctoolchain/usr/bin/clang";
				LDPLUSPLUS = "/Applications/Xcode.app/Contents/Developer/Toolchains/XcodeDefault.xctoolchain/usr/bin/clang++";
				INFOPLIST_FILE = "Info.plist";
				SYMROOT = ".xcode";
				CONFIGURATION_BUILD_DIR = "$(PROJECT_DIR)/$(CONFIGURATION)$(EFFECTIVE_PLATFORM_NAME)";
				INSTALL_DIR = "/Users/jonathan/OriginMonitor/build/";
				DYLIB_CURRENT_VERSION = "1.0.0";
				DYLIB_COMPATIBILITY_VERSION = "1.0";
				MACOSX_DEPLOYMENT_TARGET = "15.0";
				HEADER_SEARCH_PATHS = (
					".",
					".",
					"/opt/homebrew/include",
					"/opt/homebrew/Cellar/qt@5/5.15.18/lib/QtWidgets.framework/Headers",
					"/opt/homebrew/Cellar/qt@5/5.15.18/lib/QtGui.framework/Headers",
					"/opt/homebrew/Cellar/qt@5/5.15.18/lib/QtWebSockets.framework/Headers",
					"/opt/homebrew/Cellar/qt@5/5.15.18/lib/QtNetwork.framework/Headers",
					"/opt/homebrew/Cellar/qt@5/5.15.18/lib/QtCore.framework/Headers",
					"build/moc",
					"/Applications/Xcode.app/Contents/Developer/Platforms/MacOSX.platform/Developer/SDKs/MacOSX26.4.sdk/System/Library/Frameworks/OpenGL.framework/Headers",
					"/opt/homebrew/Cellar/qt@5/5.15.18/mkspecs/macx-clang");
				LIBRARY_SEARCH_PATHS = (
					"/opt/homebrew/Cellar/qt@5/5.15.18/lib",
					"/System/Library/Frameworks/");
				FRAMEWORK_SEARCH_PATHS = (
					"/opt/homebrew/Cellar/qt@5/5.15.18/lib",
					"/opt/homebrew/Cellar/qt@5/5.15.18/lib");
				OTHER_CFLAGS = (
					"-pipe",
					"-O2",
					"-Wall",
					"-Wextra",
					"-fPIC",
					"-DQT_NO_DEBUG",
					"-DQT_WIDGETS_LIB",
					"-DQT_GUI_LIB",
					"-DQT_WEBSOCKETS_LIB",
					"-DQT_NETWORK_LIB",
					"-DQT_CORE_LIB");
				OTHER_CPLUSPLUSFLAGS = (
					"-pipe",
					"-stdlib=libc++",
					"-g",
					"-Werror=return-type",
					"-O2",
					"-std=gnu++1z",
					"-Wall",
					"-Wextra",
					"-fPIC",
					"-DQT_NO_DEBUG",
					"-DQT_WIDGETS_LIB",
					"-DQT_GUI_LIB",
					"-DQT_WEBSOCKETS_LIB",
					"-DQT_NETWORK_LIB",
					"-DQT_CORE_LIB");
				OTHER_LDFLAGS = (
						"-stdlib=libc++",
						"-Wl,-rpath,@executable_path/../Frameworks",
						"-headerpad_max_install_names",
						"-Wl,-rpath,@executable_path/../Frameworks",
						"-F/opt/homebrew/Cellar/qt@5/5.15.18/lib");
				ARCHS = "arm64";
				OBJROOT = "build/obj/";
			};
			name = "Debug";
		};
		77418F46922677BB04ED38DD = {
			isa = XCBuildConfiguration;
			buildSettings = {
				APPLICATION_EXTENSION_API_ONLY = "NO";
				"ARCHS[sdk=macosx*]" = "arm64";
				COPY_PHASE_STRIP = "NO";
				DEVELOPMENT_TEAM = "Y53675G8V9";
				ENABLE_BITCODE = "NO";
				GCC_OPTIMIZATION_LEVEL = "0";
				ONLY_ACTIVE_ARCH = "YES";
				PRODUCT_BUNDLE_IDENTIFIER = "com.yourdomain.CelestronOriginMonitor";
				PRODUCT_NAME = "CelestronOriginMonitor";
				QMAKE_FULL_VERSION = "1.0.0";
				QMAKE_PKGINFO_TYPEINFO = "????";
				QMAKE_SHORT_VERSION = "1.0";
				QT_LIBRARY_SUFFIX = "";
				SDKROOT = "macosx";
				PRODUCT_NAME = "CelestronOriginMonitor";
			};
			name = "Debug";
		};
		339EE1B2CC4FC24589A0EA95 = {
			isa = XCBuildConfiguration;
			buildSettings = {
				APPLICATION_EXTENSION_API_ONLY = "NO";
				"ARCHS[sdk=macosx*]" = "arm64";
				COPY_PHASE_STRIP = "NO";
				DEVELOPMENT_TEAM = "Y53675G8V9";
				ENABLE_BITCODE = "NO";
				PRODUCT_BUNDLE_IDENTIFIER = "com.yourdomain.CelestronOriginMonitor";
				PRODUCT_NAME = "CelestronOriginMonitor";
				QMAKE_FULL_VERSION = "1.0.0";
				QMAKE_PKGINFO_TYPEINFO = "????";
				QMAKE_SHORT_VERSION = "1.0";
				QT_LIBRARY_SUFFIX = "";
				SDKROOT = "macosx";
				GCC_VERSION = com.apple.compilers.llvm.clang.1_0;
				CC = "/Applications/Xcode.app/Contents/Developer/Toolchains/XcodeDefault.xctoolchain/usr/bin/clang";
				LDPLUSPLUS = "/Applications/Xcode.app/Contents/Developer/Toolchains/XcodeDefault.xctoolchain/usr/bin/clang++";
				INFOPLIST_FILE = "Info.plist";
				SYMROOT = ".xcode";
				CONFIGURATION_BUILD_DIR = "$(PROJECT_DIR)/$(CONFIGURATION)$(EFFECTIVE_PLATFORM_NAME)";
				INSTALL_DIR = "/Users/jonathan/OriginMonitor/build/";
				DYLIB_CURRENT_VERSION = "1.0.0";
				DYLIB_COMPATIBILITY_VERSION = "1.0";
				MACOSX_DEPLOYMENT_TARGET = "15.0";
				HEADER_SEARCH_PATHS = (
					".",
					".",
					"/opt/homebrew/include",
					"/opt/homebrew/Cellar/qt@5/5.15.18/lib/QtWidgets.framework/Headers",
					"/opt/homebrew/Cellar/qt@5/5.15.18/lib/QtGui.framework/Headers",
					"/opt/homebrew/Cellar/qt@5/5.15.18/lib/QtWebSockets.framework/Headers",
					"/opt/homebrew/Cellar/qt@5/5.15.18/lib/QtNetwork.framework/Headers",
					"/opt/homebrew/Cellar/qt@5/5.15.18/lib/QtCore.framework/Headers",
					"build/moc",
					"/Applications/Xcode.app/Contents/Developer/Platforms/MacOSX.platform/Developer/SDKs/MacOSX26.4.sdk/System/Library/Frameworks/OpenGL.framework/Headers",
					"/opt/homebrew/Cellar/qt@5/5.15.18/mkspecs/macx-clang");
				LIBRARY_SEARCH_PATHS = (
					"/opt/homebrew/Cellar/qt@5/5.15.18/lib",
					"/System/Library/Frameworks/");
				FRAMEWORK_SEARCH_PATHS = (
					"/opt/homebrew/Cellar/qt@5/5.15.18/lib",
					"/opt/homebrew/Cellar/qt@5/5.15.18/lib");
				OTHER_CFLAGS = (
					"-pipe",
					"-O2",
					"-Wall",
					"-Wextra",
					"-fPIC",
					"-DQT_NO_DEBUG",
					"-DQT_WIDGETS_LIB",
					"-DQT_GUI_LIB",
					"-DQT_WEBSOCKETS_LIB",
					"-DQT_NETWORK_LIB",
					"-DQT_CORE_LIB");
				OTHER_CPLUSPLUSFLAGS = (
					"-pipe",
					"-stdlib=libc++",
					"-g",
					"-Werror=return-type",
					"-O2",
					"-std=gnu++1z",
					"-Wall",
					"-Wextra",
					"-fPIC",
					"-DQT_NO_DEBUG",
					"-DQT_WIDGETS_LIB",
					"-DQT_GUI_LIB",
					"-DQT_WEBSOCKETS_LIB",
					"-DQT_NETWORK_LIB",
					"-DQT_CORE_LIB");
				OTHER_LDFLAGS = (
						"-stdlib=libc++",
						"-Wl,-rpath,@executable_path/../Frameworks",
						"-headerpad_max_install_names",
						"-Wl,-rpath,@executable_path/../Frameworks",
						"-F/opt/homebrew/Cellar/qt@5/5.15.18/lib");
				ARCHS = "arm64";
				OBJROOT = "build/obj/";
			};
			name = "Release";
		};
		6666AA5E688052234F6758D8 = {
			isa = XCBuildConfiguration;
			buildSettings = {
				APPLICATION_EXTENSION_API_ONLY = "NO";
				"ARCHS[sdk=macosx*]" = "arm64";
				COPY_PHASE_STRIP = "NO";
				DEVELOPMENT_TEAM = "Y53675G8V9";
				ENABLE_BITCODE = "NO";
				PRODUCT_BUNDLE_IDENTIFIER = "com.yourdomain.CelestronOriginMonitor";
				PRODUCT_NAME = "CelestronOriginMonitor";
				QMAKE_FULL_VERSION = "1.0.0";
				QMAKE_PKGINFO_TYPEINFO = "????";
				QMAKE_SHORT_VERSION = "1.0";
				QT_LIBRARY_SUFFIX = "";
				SDKROOT = "macosx";
				PRODUCT_NAME = "CelestronOriginMonitor";
			};
			name = "Release";
		};
		DAC4C1AA5EDEA1C85E9CA5E6 = {
			isa = XCConfigurationList;
			buildConfigurations = (
				"3AA6C32AC930069E80220CF1",
				"339EE1B2CC4FC24589A0EA95");
			defaultConfigurationIsVisible = 0;
			defaultConfigurationName = "Release";
		};
		6CC3B5D2136C7CD6A5CF5A59 = {
			isa = XCConfigurationList;
			buildConfigurations = (
				"77418F46922677BB04ED38DD",
				"6666AA5E688052234F6758D8");
			defaultConfigurationIsVisible = 0;
			defaultConfigurationName = "Release";
		};
		6DB9C3763D02B1415CD9D565 = {
			hasScannedForEncodings = 1;
			compatibilityVersion = "Xcode 3.2";
			isa = PBXProject;
			mainGroup = "E8C543AB96796ECAA2E65C57";
			productRefGroup = "FE0A091FDBFB3E9C31B7A1BD";
			buildConfigurationList = "DAC4C1AA5EDEA1C85E9CA5E6";
			projectDirPath = "";
			projectRoot = "";
			targets = (
				"5B0675F20537B313CA276AE6",
				"60D2B72C51FE5ED604D254CB");
			attributes = {
				TargetAttributes = {
				};
			};
		};
	};
	rootObject = "6DB9C3763D02B1415CD9D565";
}
